
Microsoft Visual Studio Solution File, Format Version 12.00
# Visual Studio Version 16
VisualStudioVersion = 16.0.30717.126
MinimumVisualStudioVersion = 10.0.40219.1
Project("{FAE04EC0-301F-11D3-BF4B-00C04F79EFBC}") = "June Mock", "June Mock\June Mock.csproj", "{8801C197-DE81-4497-B662-09E0F48F60C5}"
EndProject
Global
	GlobalSection(SolutionConfigurationPlatforms) = preSolution
		Debug|Any CPU = Debug|Any CPU
		Release|Any CPU = Release|Any CPU
	EndGlobalSection
	GlobalSection(ProjectConfigurationPlatforms) = postSolution
		{8801C197-DE81-4497-B662-09E0F48F60C5}.Debug|Any CPU.ActiveCfg = Debug|Any CPU
		{8801C197-DE81-4497-B662-09E0F48F60C5}.Debug|Any CPU.Build.0 = Debug|Any CPU
		{8801C197-DE81-4497-B662-09E0F48F60C5}.Release|Any CPU.ActiveCfg = Release|Any CPU
		{8801C197-DE81-4497-B662-09E0F48F60C5}.Release|Any CPU.Build.0 = Release|Any CPU
	EndGlobalSection
	GlobalSection(SolutionProperties) = preSolution
		HideSolutionNode = FALSE
	EndGlobalSection
	GlobalSection(ExtensibilityGlobals) = postSolution
		SolutionGuid = {FA3C26E6-BCE4-4F1B-9182-FB281AF41275}
	EndGlobalSection
EndGlobal
